
Microsoft Visual Studio Solution File, Format Version 12.00
# Visual Studio Version 17
VisualStudioVersion = 17.0.31919.166
MinimumVisualStudioVersion = 10.0.40219.1
Project("{9A19103F-16F7-4668-BE54-9A1E7A4F7556}") = "AdventOfCode2021", "AdventOfCode2021\AdventOfCode2021.csproj", "{8529D4A8-FC85-4C0E-BD04-22B95A9B9A52}"
EndProject
Project("{9A19103F-16F7-4668-BE54-9A1E7A4F7556}") = "AdventOfCode2021Tests", "AdventOfCode2021Tests\AdventOfCode2021Tests.csproj", "{A92F0192-9128-4BAB-BFF1-DB820CE68794}"
EndProject
Project("{9A19103F-16F7-4668-BE54-9A1E7A4F7556}") = "AdventOfCode2022", "AdventOfCode2022\AdventOfCode2022.csproj", "{184F6A93-7C89-4D9D-867C-78C5C473F9AF}"
EndProject
Project("{9A19103F-16F7-4668-BE54-9A1E7A4F7556}") = "AdventOfCode2022Tests", "AdventOfCode2022Tests\AdventOfCode2022Tests.csproj", "{3A66F11F-0969-4FAF-86A1-A464BE53F0CB}"
EndProject
Project("{9A19103F-16F7-4668-BE54-9A1E7A4F7556}") = "AdventOfCode2023", "AdventOfCode2023\AdventOfCode2023.csproj", "{16A1733E-B7E9-47BC-9108-57B9ACF22030}"
EndProject
Project("{9A19103F-16F7-4668-BE54-9A1E7A4F7556}") = "AdventOfCode2023Tests", "AdventOfCode2023Tests\AdventOfCode2023Tests.csproj", "{D2FA9876-08E7-413B-9065-F1185E7BBE81}"
EndProject
Global
	GlobalSection(SolutionConfigurationPlatforms) = preSolution
		Debug|Any CPU = Debug|Any CPU
		Release|Any CPU = Release|Any CPU
	EndGlobalSection
	GlobalSection(ProjectConfigurationPlatforms) = postSolution
		{8529D4A8-FC85-4C0E-BD04-22B95A9B9A52}.Debug|Any CPU.ActiveCfg = Debug|Any CPU
		{8529D4A8-FC85-4C0E-BD04-22B95A9B9A52}.Debug|Any CPU.Build.0 = Debug|Any CPU
		{8529D4A8-FC85-4C0E-BD04-22B95A9B9A52}.Release|Any CPU.ActiveCfg = Release|Any CPU
		{8529D4A8-FC85-4C0E-BD04-22B95A9B9A52}.Release|Any CPU.Build.0 = Release|Any CPU
		{A92F0192-9128-4BAB-BFF1-DB820CE68794}.Debug|Any CPU.ActiveCfg = Debug|Any CPU
		{A92F0192-9128-4BAB-BFF1-DB820CE68794}.Debug|Any CPU.Build.0 = Debug|Any CPU
		{A92F0192-9128-4BAB-BFF1-DB820CE68794}.Release|Any CPU.ActiveCfg = Release|Any CPU
		{A92F0192-9128-4BAB-BFF1-DB820CE68794}.Release|Any CPU.Build.0 = Release|Any CPU
		{184F6A93-7C89-4D9D-867C-78C5C473F9AF}.Debug|Any CPU.ActiveCfg = Debug|Any CPU
		{184F6A93-7C89-4D9D-867C-78C5C473F9AF}.Debug|Any CPU.Build.0 = Debug|Any CPU
		{184F6A93-7C89-4D9D-867C-78C5C473F9AF}.Release|Any CPU.ActiveCfg = Release|Any CPU
		{184F6A93-7C89-4D9D-867C-78C5C473F9AF}.Release|Any CPU.Build.0 = Release|Any CPU
		{3A66F11F-0969-4FAF-86A1-A464BE53F0CB}.Debug|Any CPU.ActiveCfg = Debug|Any CPU
		{3A66F11F-0969-4FAF-86A1-A464BE53F0CB}.Debug|Any CPU.Build.0 = Debug|Any CPU
		{3A66F11F-0969-4FAF-86A1-A464BE53F0CB}.Release|Any CPU.ActiveCfg = Release|Any CPU
		{3A66F11F-0969-4FAF-86A1-A464BE53F0CB}.Release|Any CPU.Build.0 = Release|Any CPU
		{16A1733E-B7E9-47BC-9108-57B9ACF22030}.Debug|Any CPU.ActiveCfg = Debug|Any CPU
		{16A1733E-B7E9-47BC-9108-57B9ACF22030}.Debug|Any CPU.Build.0 = Debug|Any CPU
		{16A1733E-B7E9-47BC-9108-57B9ACF22030}.Release|Any CPU.ActiveCfg = Release|Any CPU
		{16A1733E-B7E9-47BC-9108-57B9ACF22030}.Release|Any CPU.Build.0 = Release|Any CPU
		{D2FA9876-08E7-413B-9065-F1185E7BBE81}.Debug|Any CPU.ActiveCfg = Debug|Any CPU
		{D2FA9876-08E7-413B-9065-F1185E7BBE81}.Debug|Any CPU.Build.0 = Debug|Any CPU
		{D2FA9876-08E7-413B-9065-F1185E7BBE81}.Release|Any CPU.ActiveCfg = Release|Any CPU
		{D2FA9876-08E7-413B-9065-F1185E7BBE81}.Release|Any CPU.Build.0 = Release|Any CPU
	EndGlobalSection
	GlobalSection(SolutionProperties) = preSolution
		HideSolutionNode = FALSE
	EndGlobalSection
	GlobalSection(ExtensibilityGlobals) = postSolution
		SolutionGuid = {CCA38F5E-7A1B-4DF3-B46B-E490CCAB5B90}
	EndGlobalSection
EndGlobal
